
Microsoft Visual Studio Solution File, Format Version 12.00
# Visual Studio Version 16
VisualStudioVersion = 16.0.32002.261
MinimumVisualStudioVersion = 10.0.40219.1
Project("{FAE04EC0-301F-11D3-BF4B-00C04F79EFBC}") = "HecelereAyırma", "HecelereAyırma\HecelereAyırma.csproj", "{292EB485-26B8-4437-980C-08F7A6F4DEA7}"
EndProject
Global
	GlobalSection(SolutionConfigurationPlatforms) = preSolution
		Debug|Any CPU = Debug|Any CPU
		Release|Any CPU = Release|Any CPU
	EndGlobalSection
	GlobalSection(ProjectConfigurationPlatforms) = postSolution
		{292EB485-26B8-4437-980C-08F7A6F4DEA7}.Debug|Any CPU.ActiveCfg = Debug|Any CPU
		{292EB485-26B8-4437-980C-08F7A6F4DEA7}.Debug|Any CPU.Build.0 = Debug|Any CPU
		{292EB485-26B8-4437-980C-08F7A6F4DEA7}.Release|Any CPU.ActiveCfg = Release|Any CPU
		{292EB485-26B8-4437-980C-08F7A6F4DEA7}.Release|Any CPU.Build.0 = Release|Any CPU
	EndGlobalSection
	GlobalSection(SolutionProperties) = preSolution
		HideSolutionNode = FALSE
	EndGlobalSection
	GlobalSection(ExtensibilityGlobals) = postSolution
		SolutionGuid = {EB63A0B1-1134-432B-AFA4-2017ECA9835B}
	EndGlobalSection
EndGlobal
